
Microsoft Visual Studio Solution File, Format Version 12.00
# Visual Studio 15
VisualStudioVersion = 15.0.26730.16
MinimumVisualStudioVersion = 10.0.40219.1
Project("{FAE04EC0-301F-11D3-BF4B-00C04F79EFBC}") = "MatriculaOnLine", "MatriculaOnLine\MatriculaOnLine.csproj", "{80EBDA79-9922-41A5-B247-113405921F24}"
EndProject
Project("{FAE04EC0-301F-11D3-BF4B-00C04F79EFBC}") = "Biblioteca", "Biblioteca\Biblioteca.csproj", "{F80AA094-2B24-4CC9-A21C-D8B30F0268B0}"
EndProject
Global
	GlobalSection(SolutionConfigurationPlatforms) = preSolution
		Debug|Any CPU = Debug|Any CPU
		Release|Any CPU = Release|Any CPU
	EndGlobalSection
	GlobalSection(ProjectConfigurationPlatforms) = postSolution
		{80EBDA79-9922-41A5-B247-113405921F24}.Debug|Any CPU.ActiveCfg = Debug|Any CPU
		{80EBDA79-9922-41A5-B247-113405921F24}.Debug|Any CPU.Build.0 = Debug|Any CPU
		{80EBDA79-9922-41A5-B247-113405921F24}.Release|Any CPU.ActiveCfg = Release|Any CPU
		{80EBDA79-9922-41A5-B247-113405921F24}.Release|Any CPU.Build.0 = Release|Any CPU
		{F80AA094-2B24-4CC9-A21C-D8B30F0268B0}.Debug|Any CPU.ActiveCfg = Debug|Any CPU
		{F80AA094-2B24-4CC9-A21C-D8B30F0268B0}.Debug|Any CPU.Build.0 = Debug|Any CPU
		{F80AA094-2B24-4CC9-A21C-D8B30F0268B0}.Release|Any CPU.ActiveCfg = Release|Any CPU
		{F80AA094-2B24-4CC9-A21C-D8B30F0268B0}.Release|Any CPU.Build.0 = Release|Any CPU
	EndGlobalSection
	GlobalSection(SolutionProperties) = preSolution
		HideSolutionNode = FALSE
	EndGlobalSection
	GlobalSection(ExtensibilityGlobals) = postSolution
		SolutionGuid = {62A27D1C-B7D1-44C0-A797-3520B6938744}
	EndGlobalSection
EndGlobal
